
Microsoft Visual Studio Solution File, Format Version 12.00
# Visual Studio 15
VisualStudioVersion = 15.0.28010.2003
MinimumVisualStudioVersion = 10.0.40219.1
Project("{FAE04EC0-301F-11D3-BF4B-00C04F79EFBC}") = "SideScroller01", "SideScroller01\SideScroller01.csproj", "{CF7659BD-1069-47EB-A754-C83B398F33A4}"
EndProject
Global
	GlobalSection(SolutionConfigurationPlatforms) = preSolution
		Debug|x86 = Debug|x86
		Release|x86 = Release|x86
	EndGlobalSection
	GlobalSection(ProjectConfigurationPlatforms) = postSolution
		{CF7659BD-1069-47EB-A754-C83B398F33A4}.Debug|x86.ActiveCfg = Debug|x86
		{CF7659BD-1069-47EB-A754-C83B398F33A4}.Debug|x86.Build.0 = Debug|x86
		{CF7659BD-1069-47EB-A754-C83B398F33A4}.Release|x86.ActiveCfg = Release|x86
		{CF7659BD-1069-47EB-A754-C83B398F33A4}.Release|x86.Build.0 = Release|x86
	EndGlobalSection
	GlobalSection(SolutionProperties) = preSolution
		HideSolutionNode = FALSE
	EndGlobalSection
	GlobalSection(ExtensibilityGlobals) = postSolution
		SolutionGuid = {C0762D69-FA36-44D4-B167-F47F091C07B0}
	EndGlobalSection
EndGlobal
